// !$*UTF8*$!
{
	archiveVersion = 1;
	classes = {
	};
	objectVersion = 48;
	objects = {

/* Begin PBXBuildFile section */
		8B40C15920BEDA3000D49991 /* AppDelegate.swift in Sources */ = {isa = PBXBuildFile; fileRef = 8B40C15820BEDA3000D49991 /* AppDelegate.swift */; };
		8B40C15B20BEDA3000D49991 /* ViewController.swift in Sources */ = {isa = PBXBuildFile; fileRef = 8B40C15A20BEDA3000D49991 /* ViewController.swift */; };
		8B40C15E20BEDA3000D49991 /* Main.storyboard in Resources */ = {isa = PBXBuildFile; fileRef = 8B40C15C20BEDA3000D49991 /* Main.storyboard */; };
		8B40C16020BEDA3000D49991 /* Assets.xcassets in Resources */ = {isa = PBXBuildFile; fileRef = 8B40C15F20BEDA3000D49991 /* Assets.xcassets */; };
		8B40C16320BEDA3000D49991 /* LaunchScreen.storyboard in Resources */ = {isa = PBXBuildFile; fileRef = 8B40C16120BEDA3000D49991 /* LaunchScreen.storyboard */; };
		8B73EED920BEDEDA005EDCAA /* Audio.mp3 in Resources */ = {isa = PBXBuildFile; fileRef = 8B73EED820BEDEDA005EDCAA /* Audio.mp3 */; };
/* End PBXBuildFile section */

/* Begin PBXFileReference section */
		8B40C15520BEDA3000D49991 /* MultimediaDemo.app */ = {isa = PBXFileReference; explicitFileType = wrapper.application; includeInIndex = 0; path = MultimediaDemo.app; sourceTree = BUILT_PRODUCTS_DIR; };
		8B40C15820BEDA3000D49991 /* AppDelegate.swift */ = {isa = PBXFileReference; lastKnownFileType = sourcecode.swift; path = AppDelegate.swift; sourceTree = "<group>"; };
		8B40C15A20BEDA3000D49991 /* ViewController.swift */ = {isa = PBXFileReference; lastKnownFileType = sourcecode.swift; path = ViewController.swift; sourceTree = "<group>"; };
		8B40C15D20BEDA3000D49991 /* Base */ = {isa = PBXFileReference; lastKnownFileType = file.storyboard; name = Base; path = Base.lproj/Main.storyboard; sourceTree = "<group>"; };
		8B40C15F20BEDA3000D49991 /* Assets.xcassets */ = {isa = PBXFileReference; lastKnownFileType = folder.assetcatalog; path = Assets.xcassets; sourceTree = "<group>"; };
		8B40C16220BEDA3000D49991 /* Base */ = {isa = PBXFileReference; lastKnownFileType = file.storyboard; name = Base; path = Base.lproj/LaunchScreen.storyboard; sourceTree = "<group>"; };
		8B40C16420BEDA3000D49991 /* Info.plist */ = {isa = PBXFileReference; lastKnownFileType = text.plist.xml; path = Info.plist; sourceTree = "<group>"; };
		8B73EED820BEDEDA005EDCAA /* Audio.mp3 */ = {isa = PBXFileReference; lastKnownFileType = audio.mp3; path = Audio.mp3; sourceTree = "<group>"; };
/* End PBXFileReference section */

/* Begin PBXFrameworksBuildPhase section */
		8B40C15220BEDA3000D49991 /* Frameworks */ = {
			isa = PBXFrameworksBuildPhase;
			buildActionMask = 2147483647;
			files = (
			);
			runOnlyForDeploymentPostprocessing = 0;
		};
/* End PBXFrameworksBuildPhase section */

/* Begin PBXGroup section */
		8B40C14C20BEDA3000D49991 = {
			isa = PBXGroup;
			children = (
				8B40C15720BEDA3000D49991 /* MultimediaDemo */,
				8B40C15620BEDA3000D49991 /* Products */,
			);
			sourceTree = "<group>";
		};
		8B40C15620BEDA3000D49991 /* Products */ = {
			isa = PBXGroup;
			children = (
				8B40C15520BEDA3000D49991 /* MultimediaDemo.app */,
			);
			name = Products;
			sourceTree = "<group>";
		};
		8B40C15720BEDA3000D49991 /* MultimediaDemo */ = {
			isa = PBXGroup;
			children = (
				8B40C15820BEDA3000D49991 /* AppDelegate.swift */,
				8B40C15A20BEDA3000D49991 /* ViewController.swift */,
				8B40C15C20BEDA3000D49991 /* Main.storyboard */,
				8B40C15F20BEDA3000D49991 /* Assets.xcassets */,
				8B40C16120BEDA3000D49991 /* LaunchScreen.storyboard */,
				8B40C16420BEDA3000D49991 /* Info.plist */,
				8B73EED820BEDEDA005EDCAA /* Audio.mp3 */,
			);
			path = MultimediaDemo;
			sourceTree = "<group>";
		};
/* End PBXGroup section */

/* Begin PBXNativeTarget section */
		8B40C15420BEDA3000D49991 /* MultimediaDemo */ = {
			isa = PBXNativeTarget;
			buildConfigurationList = 8B40C16720BEDA3000D49991 /* Build configuration list for PBXNativeTarget "MultimediaDemo" */;
			buildPhases = (
				8B40C15120BEDA3000D49991 /* Sources */,
				8B40C15220BEDA3000D49991 /* Frameworks */,
				8B40C15320BEDA3000D49991 /* Resources */,
			);
			buildRules = (
			);
			dependencies = (
			);
			name = MultimediaDemo;
			productName = MultimediaDemo;
			productReference = 8B40C15520BEDA3000D49991 /* MultimediaDemo.app */;
			productType = "com.apple.product-type.application";
		};
/* End PBXNativeTarget section */

/* Begin PBXProject section */
		8B40C14D20BEDA3000D49991 /* Project object */ = {
			isa = PBXProject;
			attributes = {
				LastSwiftUpdateCheck = 0920;
				LastUpgradeCheck = 0920;
				ORGANIZATIONNAME = Codekul;
				TargetAttributes = {
					8B40C15420BEDA3000D49991 = {
						CreatedOnToolsVersion = 9.2;
						ProvisioningStyle = Automatic;
					};
				};
			};
			buildConfigurationList = 8B40C15020BEDA3000D49991 /* Build configuration list for PBXProject "MultimediaDemo" */;
			compatibilityVersion = "Xcode 8.0";
			developmentRegion = en;
			hasScannedForEncodings = 0;
			knownRegions = (
				en,
				Base,
			);
			mainGroup = 8B40C14C20BEDA3000D49991;
			productRefGroup = 8B40C15620BEDA3000D49991 /* Products */;
			projectDirPath = "";
			projectRoot = "";
			targets = (
				8B40C15420BEDA3000D49991 /* MultimediaDemo */,
			);
		};
/* End PBXProject section */

/* Begin PBXResourcesBuildPhase section */
		8B40C15320BEDA3000D49991 /* Resources */ = {
			isa = PBXResourcesBuildPhase;
			buildActionMask = 2147483647;
			files = (
				8B40C16320BEDA3000D49991 /* LaunchScreen.storyboard in Resources */,
				8B73EED920BEDEDA005EDCAA /* Audio.mp3 in Resources */,
				8B40C16020BEDA3000D49991 /* Assets.xcassets in Resources */,
				8B40C15E20BEDA3000D49991 /* Main.storyboard in Resources */,
			);
			runOnlyForDeploymentPostprocessing = 0;
		};
/* End PBXResourcesBuildPhase section */

/* Begin PBXSourcesBuildPhase section */
		8B40C15120BEDA3000D49991 /* Sources */ = {
			isa = PBXSourcesBuildPhase;
			buildActionMask = 2147483647;
			files = (
				8B40C15B20BEDA3000D49991 /* ViewController.swift in Sources */,
				8B40C15920BEDA3000D49991 /* AppDelegate.swift in Sources */,
			);
			runOnlyForDeploymentPostprocessing = 0;
		};
/* End PBXSourcesBuildPhase section */

/* Begin PBXVariantGroup section */
		8B40C15C20BEDA3000D49991 /* Main.storyboard */ = {
			isa = PBXVariantGroup;
			children = (
				8B40C15D20BEDA3000D49991 /* Base */,
			);
			name = Main.storyboard;
			sourceTree = "<group>";
		};
		8B40C16120BEDA3000D49991 /* LaunchScreen.storyboard */ = {
			isa = PBXVariantGroup;
			children = (
				8B40C16220BEDA3000D49991 /* Base */,
			);
			name = LaunchScreen.storyboard;
			sourceTree = "<group>";
		};
/* End PBXVariantGroup section */

/* Begin XCBuildConfiguration section */
		8B40C16520BEDA3000D49991 /* Debug */ = {
			isa = XCBuildConfiguration;
			buildSettings = {
				ALWAYS_SEARCH_USER_PATHS = NO;
				CLANG_ANALYZER_NONNULL = YES;
				CLANG_ANALYZER_NUMBER_OBJECT_CONVERSION = YES_AGGRESSIVE;
				CLANG_CXX_LANGUAGE_STANDARD = "gnu++14";
				CLANG_CXX_LIBRARY = "libc++";
				CLANG_ENABLE_MODULES = YES;
				CLANG_ENABLE_OBJC_ARC = YES;
				CLANG_WARN_BLOCK_CAPTURE_AUTORELEASING = YES;
				CLANG_WARN_BOOL_CONVERSION = YES;
				CLANG_WARN_COMMA = YES;
				CLANG_WARN_CONSTANT_CONVERSION = YES;
				CLANG_WARN_DIRECT_OBJC_ISA_USAGE = YES_ERROR;
				CLANG_WARN_DOCUMENTATION_COMMENTS = YES;
				CLANG_WARN_EMPTY_BODY = YES;
				CLANG_WARN_ENUM_CONVERSION = YES;
				CLANG_WARN_INFINITE_RECURSION = YES;
				CLANG_WARN_INT_CONVERSION = YES;
				CLANG_WARN_NON_LITERAL_NULL_CONVERSION = YES;
				CLANG_WARN_OBJC_LITERAL_CONVERSION = YES;
				CLANG_WARN_OBJC_ROOT_CLASS = YES_ERROR;
				CLANG_WARN_RANGE_LOOP_ANALYSIS = YES;
				CLANG_WARN_STRICT_PROTOTYPES = YES;
				CLANG_WARN_SUSPICIOUS_MOVE = YES;
				CLANG_WARN_UNGUARDED_AVAILABILITY = YES_AGGRESSIVE;
				CLANG_WARN_UNREACHABLE_CODE = YES;
				CLANG_WARN__DUPLICATE_METHOD_MATCH = YES;
				CODE_SIGN_IDENTITY = "iPhone Developer";
				COPY_PHASE_STRIP = NO;
				DEBUG_INFORMATION_FORMAT = dwarf;
				ENABLE_STRICT_OBJC_MSGSEND = YES;
				ENABLE_TESTABILITY = YES;
				GCC_C_LANGUAGE_STANDARD = gnu11;
				GCC_DYNAMIC_NO_PIC = NO;
				GCC_NO_COMMON_BLOCKS = YES;
				GCC_OPTIMIZATION_LEVEL = 0;
				GCC_PREPROCESSOR_DEFINITIONS = (
					"DEBUG=1",
					"$(inherited)",
				);
				GCC_WARN_64_TO_32_BIT_CONVERSION = YES;
				GCC_WARN_ABOUT_RETURN_TYPE = YES_ERROR;
				GCC_WARN_UNDECLARED_SELECTOR = YES;
				GCC_WARN_UNINITIALIZED_AUTOS = YES_AGGRESSIVE;
				GCC_WARN_UNUSED_FUNCTION = YES;
				GCC_WARN_UNUSED_VARIABLE = YES;
				IPHONEOS_DEPLOYMENT_TARGET = 11.2;
				MTL_ENABLE_DEBUG_INFO = YES;
				ONLY_ACTIVE_ARCH = YES;
				SDKROOT = iphoneos;
				SWIFT_ACTIVE_COMPILATION_CONDITIONS = DEBUG;
				SWIFT_OPTIMIZATION_LEVEL = "-Onone";
			};
			name = Debug;
		};
		8B40C16620BEDA3000D49991 /* Release */ = {
			isa = XCBuildConfiguration;
			buildSettings = {
				ALWAYS_SEARCH_USER_PATHS = NO;
				CLANG_ANALYZER_NONNULL = YES;
				CLANG_ANALYZER_NUMBER_OBJECT_CONVERSION = YES_AGGRESSIVE;
				CLANG_CXX_LANGUAGE_STANDARD = "gnu++14";
				CLANG_CXX_LIBRARY = "libc++";
				CLANG_ENABLE_MODULES = YES;
				CLANG_ENABLE_OBJC_ARC = YES;
				CLANG_WARN_BLOCK_CAPTURE_AUTORELEASING = YES;
				CLANG_WARN_BOOL_CONVERSION = YES;
				CLANG_WARN_COMMA = YES;
				CLANG_WARN_CONSTANT_CONVERSION = YES;
				CLANG_WARN_DIRECT_OBJC_ISA_USAGE = YES_ERROR;
				CLANG_WARN_DOCUMENTATION_COMMENTS = YES;
				CLANG_WARN_EMPTY_BODY = YES;
				CLANG_WARN_ENUM_CONVERSION = YES;
				CLANG_WARN_INFINITE_RECURSION = YES;
				CLANG_WARN_INT_CONVERSION = YES;
				CLANG_WARN_NON_LITERAL_NULL_CONVERSION = YES;
				CLANG_WARN_OBJC_LITERAL_CONVERSION = YES;
				CLANG_WARN_OBJC_ROOT_CLASS = YES_ERROR;
				CLANG_WARN_RANGE_LOOP_ANALYSIS = YES;
				CLANG_WARN_STRICT_PROTOTYPES = YES;
				CLANG_WARN_SUSPICIOUS_MOVE = YES;
				CLANG_WARN_UNGUARDED_AVAILABILITY = YES_AGGRESSIVE;
				CLANG_WARN_UNREACHABLE_CODE = YES;
				CLANG_WARN__DUPLICATE_METHOD_MATCH = YES;
				CODE_SIGN_IDENTITY = "iPhone Developer";
				COPY_PHASE_STRIP = NO;
				DEBUG_INFORMATION_FORMAT = "dwarf-with-dsym";
				ENABLE_NS_ASSERTIONS = NO;
				ENABLE_STRICT_OBJC_MSGSEND = YES;
				GCC_C_LANGUAGE_STANDARD = gnu11;
				GCC_NO_COMMON_BLOCKS = YES;
				GCC_WARN_64_TO_32_BIT_CONVERSION = YES;
				GCC_WARN_ABOUT_RETURN_TYPE = YES_ERROR;
				GCC_WARN_UNDECLARED_SELECTOR = YES;
				GCC_WARN_UNINITIALIZED_AUTOS = YES_AGGRESSIVE;
				GCC_WARN_UNUSED_FUNCTION = YES;
				GCC_WARN_UNUSED_VARIABLE = YES;
				IPHONEOS_DEPLOYMENT_TARGET = 11.2;
				MTL_ENABLE_DEBUG_INFO = NO;
				SDKROOT = iphoneos;
				SWIFT_OPTIMIZATION_LEVEL = "-Owholemodule";
				VALIDATE_PRODUCT = YES;
			};
			name = Release;
		};
		8B40C16820BEDA3000D49991 /* Debug */ = {
			isa = XCBuildConfiguration;
			buildSettings = {
				ASSETCATALOG_COMPILER_APPICON_NAME = AppIcon;
				CODE_SIGN_STYLE = Automatic;
				INFOPLIST_FILE = MultimediaDemo/Info.plist;
				LD_RUNPATH_SEARCH_PATHS = "$(inherited) @executable_path/Frameworks";
				PRODUCT_BUNDLE_IDENTIFIER = com.codekul.MultimediaDemo;
				PRODUCT_NAME = "$(TARGET_NAME)";
				SWIFT_VERSION = 4.0;
				TARGETED_DEVICE_FAMILY = "1,2";
			};
			name = Debug;
		};
		8B40C16920BEDA3000D49991 /* Release */ = {
			isa = XCBuildConfiguration;
			buildSettings = {
				ASSETCATALOG_COMPILER_APPICON_NAME = AppIcon;
				CODE_SIGN_STYLE = Automatic;
				INFOPLIST_FILE = MultimediaDemo/Info.plist;
				LD_RUNPATH_SEARCH_PATHS = "$(inherited) @executable_path/Frameworks";
				PRODUCT_BUNDLE_IDENTIFIER = com.codekul.MultimediaDemo;
				PRODUCT_NAME = "$(TARGET_NAME)";
				SWIFT_VERSION = 4.0;
				TARGETED_DEVICE_FAMILY = "1,2";
			};
			name = Release;
		};
/* End XCBuildConfiguration section */

/* Begin XCConfigurationList section */
		8B40C15020BEDA3000D49991 /* Build configuration list for PBXProject "MultimediaDemo" */ = {
			isa = XCConfigurationList;
			buildConfigurations = (
				8B40C16520BEDA3000D49991 /* Debug */,
				8B40C16620BEDA3000D49991 /* Release */,
			);
			defaultConfigurationIsVisible = 0;
			defaultConfigurationName = Release;
		};
		8B40C16720BEDA3000D49991 /* Build configuration list for PBXNativeTarget "MultimediaDemo" */ = {
			isa = XCConfigurationList;
			buildConfigurations = (
				8B40C16820BEDA3000D49991 /* Debug */,
				8B40C16920BEDA3000D49991 /* Release */,
			);
			defaultConfigurationIsVisible = 0;
			defaultConfigurationName = Release;
		};
/* End XCConfigurationList section */
	};
	rootObject = 8B40C14D20BEDA3000D49991 /* Project object */;
}
