// !$*UTF8*$!
{
	archiveVersion = 1;
	classes = {
	};
	objectVersion = 48;
	objects = {

/* Begin PBXBuildFile section */
		8B8FD0C220B81B31004AAE6B /* AppDelegate.swift in Sources */ = {isa = PBXBuildFile; fileRef = 8B8FD0C120B81B31004AAE6B /* AppDelegate.swift */; };
		8B8FD0C420B81B31004AAE6B /* ViewController.swift in Sources */ = {isa = PBXBuildFile; fileRef = 8B8FD0C320B81B31004AAE6B /* ViewController.swift */; };
		8B8FD0C720B81B31004AAE6B /* Main.storyboard in Resources */ = {isa = PBXBuildFile; fileRef = 8B8FD0C520B81B31004AAE6B /* Main.storyboard */; };
		8B8FD0C920B81B31004AAE6B /* Assets.xcassets in Resources */ = {isa = PBXBuildFile; fileRef = 8B8FD0C820B81B31004AAE6B /* Assets.xcassets */; };
		8B8FD0CC20B81B31004AAE6B /* LaunchScreen.storyboard in Resources */ = {isa = PBXBuildFile; fileRef = 8B8FD0CA20B81B31004AAE6B /* LaunchScreen.storyboard */; };
		8B8FD0D720B81B31004AAE6B /* GesturesDemoTests.swift in Sources */ = {isa = PBXBuildFile; fileRef = 8B8FD0D620B81B31004AAE6B /* GesturesDemoTests.swift */; };
		8B8FD0E220B81B31004AAE6B /* GesturesDemoUITests.swift in Sources */ = {isa = PBXBuildFile; fileRef = 8B8FD0E120B81B31004AAE6B /* GesturesDemoUITests.swift */; };
		8B8FD0F020B81CEA004AAE6B /* melayerLogo.png in Resources */ = {isa = PBXBuildFile; fileRef = 8B8FD0EF20B81CEA004AAE6B /* melayerLogo.png */; };
/* End PBXBuildFile section */

/* Begin PBXContainerItemProxy section */
		8B8FD0D320B81B31004AAE6B /* PBXContainerItemProxy */ = {
			isa = PBXContainerItemProxy;
			containerPortal = 8B8FD0B620B81B31004AAE6B /* Project object */;
			proxyType = 1;
			remoteGlobalIDString = 8B8FD0BD20B81B31004AAE6B;
			remoteInfo = GesturesDemo;
		};
		8B8FD0DE20B81B31004AAE6B /* PBXContainerItemProxy */ = {
			isa = PBXContainerItemProxy;
			containerPortal = 8B8FD0B620B81B31004AAE6B /* Project object */;
			proxyType = 1;
			remoteGlobalIDString = 8B8FD0BD20B81B31004AAE6B;
			remoteInfo = GesturesDemo;
		};
/* End PBXContainerItemProxy section */

/* Begin PBXFileReference section */
		8B8FD0BE20B81B31004AAE6B /* GesturesDemo.app */ = {isa = PBXFileReference; explicitFileType = wrapper.application; includeInIndex = 0; path = GesturesDemo.app; sourceTree = BUILT_PRODUCTS_DIR; };
		8B8FD0C120B81B31004AAE6B /* AppDelegate.swift */ = {isa = PBXFileReference; lastKnownFileType = sourcecode.swift; path = AppDelegate.swift; sourceTree = "<group>"; };
		8B8FD0C320B81B31004AAE6B /* ViewController.swift */ = {isa = PBXFileReference; lastKnownFileType = sourcecode.swift; path = ViewController.swift; sourceTree = "<group>"; };
		8B8FD0C620B81B31004AAE6B /* Base */ = {isa = PBXFileReference; lastKnownFileType = file.storyboard; name = Base; path = Base.lproj/Main.storyboard; sourceTree = "<group>"; };
		8B8FD0C820B81B31004AAE6B /* Assets.xcassets */ = {isa = PBXFileReference; lastKnownFileType = folder.assetcatalog; path = Assets.xcassets; sourceTree = "<group>"; };
		8B8FD0CB20B81B31004AAE6B /* Base */ = {isa = PBXFileReference; lastKnownFileType = file.storyboard; name = Base; path = Base.lproj/LaunchScreen.storyboard; sourceTree = "<group>"; };
		8B8FD0CD20B81B31004AAE6B /* Info.plist */ = {isa = PBXFileReference; lastKnownFileType = text.plist.xml; path = Info.plist; sourceTree = "<group>"; };
		8B8FD0D220B81B31004AAE6B /* GesturesDemoTests.xctest */ = {isa = PBXFileReference; explicitFileType = wrapper.cfbundle; includeInIndex = 0; path = GesturesDemoTests.xctest; sourceTree = BUILT_PRODUCTS_DIR; };
		8B8FD0D620B81B31004AAE6B /* GesturesDemoTests.swift */ = {isa = PBXFileReference; lastKnownFileType = sourcecode.swift; path = GesturesDemoTests.swift; sourceTree = "<group>"; };
		8B8FD0D820B81B31004AAE6B /* Info.plist */ = {isa = PBXFileReference; lastKnownFileType = text.plist.xml; path = Info.plist; sourceTree = "<group>"; };
		8B8FD0DD20B81B31004AAE6B /* GesturesDemoUITests.xctest */ = {isa = PBXFileReference; explicitFileType = wrapper.cfbundle; includeInIndex = 0; path = GesturesDemoUITests.xctest; sourceTree = BUILT_PRODUCTS_DIR; };
		8B8FD0E120B81B31004AAE6B /* GesturesDemoUITests.swift */ = {isa = PBXFileReference; lastKnownFileType = sourcecode.swift; path = GesturesDemoUITests.swift; sourceTree = "<group>"; };
		8B8FD0E320B81B31004AAE6B /* Info.plist */ = {isa = PBXFileReference; lastKnownFileType = text.plist.xml; path = Info.plist; sourceTree = "<group>"; };
		8B8FD0EF20B81CEA004AAE6B /* melayerLogo.png */ = {isa = PBXFileReference; lastKnownFileType = image.png; path = melayerLogo.png; sourceTree = "<group>"; };
/* End PBXFileReference section */

/* Begin PBXFrameworksBuildPhase section */
		8B8FD0BB20B81B31004AAE6B /* Frameworks */ = {
			isa = PBXFrameworksBuildPhase;
			buildActionMask = 2147483647;
			files = (
			);
			runOnlyForDeploymentPostprocessing = 0;
		};
		8B8FD0CF20B81B31004AAE6B /* Frameworks */ = {
			isa = PBXFrameworksBuildPhase;
			buildActionMask = 2147483647;
			files = (
			);
			runOnlyForDeploymentPostprocessing = 0;
		};
		8B8FD0DA20B81B31004AAE6B /* Frameworks */ = {
			isa = PBXFrameworksBuildPhase;
			buildActionMask = 2147483647;
			files = (
			);
			runOnlyForDeploymentPostprocessing = 0;
		};
/* End PBXFrameworksBuildPhase section */

/* Begin PBXGroup section */
		8B8FD0B520B81B31004AAE6B = {
			isa = PBXGroup;
			children = (
				8B8FD0C020B81B31004AAE6B /* GesturesDemo */,
				8B8FD0D520B81B31004AAE6B /* GesturesDemoTests */,
				8B8FD0E020B81B31004AAE6B /* GesturesDemoUITests */,
				8B8FD0BF20B81B31004AAE6B /* Products */,
			);
			sourceTree = "<group>";
		};
		8B8FD0BF20B81B31004AAE6B /* Products */ = {
			isa = PBXGroup;
			children = (
				8B8FD0BE20B81B31004AAE6B /* GesturesDemo.app */,
				8B8FD0D220B81B31004AAE6B /* GesturesDemoTests.xctest */,
				8B8FD0DD20B81B31004AAE6B /* GesturesDemoUITests.xctest */,
			);
			name = Products;
			sourceTree = "<group>";
		};
		8B8FD0C020B81B31004AAE6B /* GesturesDemo */ = {
			isa = PBXGroup;
			children = (
				8B8FD0C120B81B31004AAE6B /* AppDelegate.swift */,
				8B8FD0C320B81B31004AAE6B /* ViewController.swift */,
				8B8FD0C520B81B31004AAE6B /* Main.storyboard */,
				8B8FD0C820B81B31004AAE6B /* Assets.xcassets */,
				8B8FD0CA20B81B31004AAE6B /* LaunchScreen.storyboard */,
				8B8FD0CD20B81B31004AAE6B /* Info.plist */,
				8B8FD0EF20B81CEA004AAE6B /* melayerLogo.png */,
			);
			path = GesturesDemo;
			sourceTree = "<group>";
		};
		8B8FD0D520B81B31004AAE6B /* GesturesDemoTests */ = {
			isa = PBXGroup;
			children = (
				8B8FD0D620B81B31004AAE6B /* GesturesDemoTests.swift */,
				8B8FD0D820B81B31004AAE6B /* Info.plist */,
			);
			path = GesturesDemoTests;
			sourceTree = "<group>";
		};
		8B8FD0E020B81B31004AAE6B /* GesturesDemoUITests */ = {
			isa = PBXGroup;
			children = (
				8B8FD0E120B81B31004AAE6B /* GesturesDemoUITests.swift */,
				8B8FD0E320B81B31004AAE6B /* Info.plist */,
			);
			path = GesturesDemoUITests;
			sourceTree = "<group>";
		};
/* End PBXGroup section */

/* Begin PBXNativeTarget section */
		8B8FD0BD20B81B31004AAE6B /* GesturesDemo */ = {
			isa = PBXNativeTarget;
			buildConfigurationList = 8B8FD0E620B81B31004AAE6B /* Build configuration list for PBXNativeTarget "GesturesDemo" */;
			buildPhases = (
				8B8FD0BA20B81B31004AAE6B /* Sources */,
				8B8FD0BB20B81B31004AAE6B /* Frameworks */,
				8B8FD0BC20B81B31004AAE6B /* Resources */,
			);
			buildRules = (
			);
			dependencies = (
			);
			name = GesturesDemo;
			productName = GesturesDemo;
			productReference = 8B8FD0BE20B81B31004AAE6B /* GesturesDemo.app */;
			productType = "com.apple.product-type.application";
		};
		8B8FD0D120B81B31004AAE6B /* GesturesDemoTests */ = {
			isa = PBXNativeTarget;
			buildConfigurationList = 8B8FD0E920B81B31004AAE6B /* Build configuration list for PBXNativeTarget "GesturesDemoTests" */;
			buildPhases = (
				8B8FD0CE20B81B31004AAE6B /* Sources */,
				8B8FD0CF20B81B31004AAE6B /* Frameworks */,
				8B8FD0D020B81B31004AAE6B /* Resources */,
			);
			buildRules = (
			);
			dependencies = (
				8B8FD0D420B81B31004AAE6B /* PBXTargetDependency */,
			);
			name = GesturesDemoTests;
			productName = GesturesDemoTests;
			productReference = 8B8FD0D220B81B31004AAE6B /* GesturesDemoTests.xctest */;
			productType = "com.apple.product-type.bundle.unit-test";
		};
		8B8FD0DC20B81B31004AAE6B /* GesturesDemoUITests */ = {
			isa = PBXNativeTarget;
			buildConfigurationList = 8B8FD0EC20B81B31004AAE6B /* Build configuration list for PBXNativeTarget "GesturesDemoUITests" */;
			buildPhases = (
				8B8FD0D920B81B31004AAE6B /* Sources */,
				8B8FD0DA20B81B31004AAE6B /* Frameworks */,
				8B8FD0DB20B81B31004AAE6B /* Resources */,
			);
			buildRules = (
			);
			dependencies = (
				8B8FD0DF20B81B31004AAE6B /* PBXTargetDependency */,
			);
			name = GesturesDemoUITests;
			productName = GesturesDemoUITests;
			productReference = 8B8FD0DD20B81B31004AAE6B /* GesturesDemoUITests.xctest */;
			productType = "com.apple.product-type.bundle.ui-testing";
		};
/* End PBXNativeTarget section */

/* Begin PBXProject section */
		8B8FD0B620B81B31004AAE6B /* Project object */ = {
			isa = PBXProject;
			attributes = {
				LastSwiftUpdateCheck = 0920;
				LastUpgradeCheck = 0920;
				ORGANIZATIONNAME = Varun;
				TargetAttributes = {
					8B8FD0BD20B81B31004AAE6B = {
						CreatedOnToolsVersion = 9.2;
						ProvisioningStyle = Automatic;
					};
					8B8FD0D120B81B31004AAE6B = {
						CreatedOnToolsVersion = 9.2;
						ProvisioningStyle = Automatic;
						TestTargetID = 8B8FD0BD20B81B31004AAE6B;
					};
					8B8FD0DC20B81B31004AAE6B = {
						CreatedOnToolsVersion = 9.2;
						ProvisioningStyle = Automatic;
						TestTargetID = 8B8FD0BD20B81B31004AAE6B;
					};
				};
			};
			buildConfigurationList = 8B8FD0B920B81B31004AAE6B /* Build configuration list for PBXProject "GesturesDemo" */;
			compatibilityVersion = "Xcode 8.0";
			developmentRegion = en;
			hasScannedForEncodings = 0;
			knownRegions = (
				en,
				Base,
			);
			mainGroup = 8B8FD0B520B81B31004AAE6B;
			productRefGroup = 8B8FD0BF20B81B31004AAE6B /* Products */;
			projectDirPath = "";
			projectRoot = "";
			targets = (
				8B8FD0BD20B81B31004AAE6B /* GesturesDemo */,
				8B8FD0D120B81B31004AAE6B /* GesturesDemoTests */,
				8B8FD0DC20B81B31004AAE6B /* GesturesDemoUITests */,
			);
		};
/* End PBXProject section */

/* Begin PBXResourcesBuildPhase section */
		8B8FD0BC20B81B31004AAE6B /* Resources */ = {
			isa = PBXResourcesBuildPhase;
			buildActionMask = 2147483647;
			files = (
				8B8FD0CC20B81B31004AAE6B /* LaunchScreen.storyboard in Resources */,
				8B8FD0C920B81B31004AAE6B /* Assets.xcassets in Resources */,
				8B8FD0F020B81CEA004AAE6B /* melayerLogo.png in Resources */,
				8B8FD0C720B81B31004AAE6B /* Main.storyboard in Resources */,
			);
			runOnlyForDeploymentPostprocessing = 0;
		};
		8B8FD0D020B81B31004AAE6B /* Resources */ = {
			isa = PBXResourcesBuildPhase;
			buildActionMask = 2147483647;
			files = (
			);
			runOnlyForDeploymentPostprocessing = 0;
		};
		8B8FD0DB20B81B31004AAE6B /* Resources */ = {
			isa = PBXResourcesBuildPhase;
			buildActionMask = 2147483647;
			files = (
			);
			runOnlyForDeploymentPostprocessing = 0;
		};
/* End PBXResourcesBuildPhase section */

/* Begin PBXSourcesBuildPhase section */
		8B8FD0BA20B81B31004AAE6B /* Sources */ = {
			isa = PBXSourcesBuildPhase;
			buildActionMask = 2147483647;
			files = (
				8B8FD0C420B81B31004AAE6B /* ViewController.swift in Sources */,
				8B8FD0C220B81B31004AAE6B /* AppDelegate.swift in Sources */,
			);
			runOnlyForDeploymentPostprocessing = 0;
		};
		8B8FD0CE20B81B31004AAE6B /* Sources */ = {
			isa = PBXSourcesBuildPhase;
			buildActionMask = 2147483647;
			files = (
				8B8FD0D720B81B31004AAE6B /* GesturesDemoTests.swift in Sources */,
			);
			runOnlyForDeploymentPostprocessing = 0;
		};
		8B8FD0D920B81B31004AAE6B /* Sources */ = {
			isa = PBXSourcesBuildPhase;
			buildActionMask = 2147483647;
			files = (
				8B8FD0E220B81B31004AAE6B /* GesturesDemoUITests.swift in Sources */,
			);
			runOnlyForDeploymentPostprocessing = 0;
		};
/* End PBXSourcesBuildPhase section */

/* Begin PBXTargetDependency section */
		8B8FD0D420B81B31004AAE6B /* PBXTargetDependency */ = {
			isa = PBXTargetDependency;
			target = 8B8FD0BD20B81B31004AAE6B /* GesturesDemo */;
			targetProxy = 8B8FD0D320B81B31004AAE6B /* PBXContainerItemProxy */;
		};
		8B8FD0DF20B81B31004AAE6B /* PBXTargetDependency */ = {
			isa = PBXTargetDependency;
			target = 8B8FD0BD20B81B31004AAE6B /* GesturesDemo */;
			targetProxy = 8B8FD0DE20B81B31004AAE6B /* PBXContainerItemProxy */;
		};
/* End PBXTargetDependency section */

/* Begin PBXVariantGroup section */
		8B8FD0C520B81B31004AAE6B /* Main.storyboard */ = {
			isa = PBXVariantGroup;
			children = (
				8B8FD0C620B81B31004AAE6B /* Base */,
			);
			name = Main.storyboard;
			sourceTree = "<group>";
		};
		8B8FD0CA20B81B31004AAE6B /* LaunchScreen.storyboard */ = {
			isa = PBXVariantGroup;
			children = (
				8B8FD0CB20B81B31004AAE6B /* Base */,
			);
			name = LaunchScreen.storyboard;
			sourceTree = "<group>";
		};
/* End PBXVariantGroup section */

/* Begin XCBuildConfiguration section */
		8B8FD0E420B81B31004AAE6B /* Debug */ = {
			isa = XCBuildConfiguration;
			buildSettings = {
				ALWAYS_SEARCH_USER_PATHS = NO;
				CLANG_ANALYZER_NONNULL = YES;
				CLANG_ANALYZER_NUMBER_OBJECT_CONVERSION = YES_AGGRESSIVE;
				CLANG_CXX_LANGUAGE_STANDARD = "gnu++14";
				CLANG_CXX_LIBRARY = "libc++";
				CLANG_ENABLE_MODULES = YES;
				CLANG_ENABLE_OBJC_ARC = YES;
				CLANG_WARN_BLOCK_CAPTURE_AUTORELEASING = YES;
				CLANG_WARN_BOOL_CONVERSION = YES;
				CLANG_WARN_COMMA = YES;
				CLANG_WARN_CONSTANT_CONVERSION = YES;
				CLANG_WARN_DIRECT_OBJC_ISA_USAGE = YES_ERROR;
				CLANG_WARN_DOCUMENTATION_COMMENTS = YES;
				CLANG_WARN_EMPTY_BODY = YES;
				CLANG_WARN_ENUM_CONVERSION = YES;
				CLANG_WARN_INFINITE_RECURSION = YES;
				CLANG_WARN_INT_CONVERSION = YES;
				CLANG_WARN_NON_LITERAL_NULL_CONVERSION = YES;
				CLANG_WARN_OBJC_LITERAL_CONVERSION = YES;
				CLANG_WARN_OBJC_ROOT_CLASS = YES_ERROR;
				CLANG_WARN_RANGE_LOOP_ANALYSIS = YES;
				CLANG_WARN_STRICT_PROTOTYPES = YES;
				CLANG_WARN_SUSPICIOUS_MOVE = YES;
				CLANG_WARN_UNGUARDED_AVAILABILITY = YES_AGGRESSIVE;
				CLANG_WARN_UNREACHABLE_CODE = YES;
				CLANG_WARN__DUPLICATE_METHOD_MATCH = YES;
				CODE_SIGN_IDENTITY = "iPhone Developer";
				COPY_PHASE_STRIP = NO;
				DEBUG_INFORMATION_FORMAT = dwarf;
				ENABLE_STRICT_OBJC_MSGSEND = YES;
				ENABLE_TESTABILITY = YES;
				GCC_C_LANGUAGE_STANDARD = gnu11;
				GCC_DYNAMIC_NO_PIC = NO;
				GCC_NO_COMMON_BLOCKS = YES;
				GCC_OPTIMIZATION_LEVEL = 0;
				GCC_PREPROCESSOR_DEFINITIONS = (
					"DEBUG=1",
					"$(inherited)",
				);
				GCC_WARN_64_TO_32_BIT_CONVERSION = YES;
				GCC_WARN_ABOUT_RETURN_TYPE = YES_ERROR;
				GCC_WARN_UNDECLARED_SELECTOR = YES;
				GCC_WARN_UNINITIALIZED_AUTOS = YES_AGGRESSIVE;
				GCC_WARN_UNUSED_FUNCTION = YES;
				GCC_WARN_UNUSED_VARIABLE = YES;
				IPHONEOS_DEPLOYMENT_TARGET = 11.2;
				MTL_ENABLE_DEBUG_INFO = YES;
				ONLY_ACTIVE_ARCH = YES;
				SDKROOT = iphoneos;
				SWIFT_ACTIVE_COMPILATION_CONDITIONS = DEBUG;
				SWIFT_OPTIMIZATION_LEVEL = "-Onone";
			};
			name = Debug;
		};
		8B8FD0E520B81B31004AAE6B /* Release */ = {
			isa = XCBuildConfiguration;
			buildSettings = {
				ALWAYS_SEARCH_USER_PATHS = NO;
				CLANG_ANALYZER_NONNULL = YES;
				CLANG_ANALYZER_NUMBER_OBJECT_CONVERSION = YES_AGGRESSIVE;
				CLANG_CXX_LANGUAGE_STANDARD = "gnu++14";
				CLANG_CXX_LIBRARY = "libc++";
				CLANG_ENABLE_MODULES = YES;
				CLANG_ENABLE_OBJC_ARC = YES;
				CLANG_WARN_BLOCK_CAPTURE_AUTORELEASING = YES;
				CLANG_WARN_BOOL_CONVERSION = YES;
				CLANG_WARN_COMMA = YES;
				CLANG_WARN_CONSTANT_CONVERSION = YES;
				CLANG_WARN_DIRECT_OBJC_ISA_USAGE = YES_ERROR;
				CLANG_WARN_DOCUMENTATION_COMMENTS = YES;
				CLANG_WARN_EMPTY_BODY = YES;
				CLANG_WARN_ENUM_CONVERSION = YES;
				CLANG_WARN_INFINITE_RECURSION = YES;
				CLANG_WARN_INT_CONVERSION = YES;
				CLANG_WARN_NON_LITERAL_NULL_CONVERSION = YES;
				CLANG_WARN_OBJC_LITERAL_CONVERSION = YES;
				CLANG_WARN_OBJC_ROOT_CLASS = YES_ERROR;
				CLANG_WARN_RANGE_LOOP_ANALYSIS = YES;
				CLANG_WARN_STRICT_PROTOTYPES = YES;
				CLANG_WARN_SUSPICIOUS_MOVE = YES;
				CLANG_WARN_UNGUARDED_AVAILABILITY = YES_AGGRESSIVE;
				CLANG_WARN_UNREACHABLE_CODE = YES;
				CLANG_WARN__DUPLICATE_METHOD_MATCH = YES;
				CODE_SIGN_IDENTITY = "iPhone Developer";
				COPY_PHASE_STRIP = NO;
				DEBUG_INFORMATION_FORMAT = "dwarf-with-dsym";
				ENABLE_NS_ASSERTIONS = NO;
				ENABLE_STRICT_OBJC_MSGSEND = YES;
				GCC_C_LANGUAGE_STANDARD = gnu11;
				GCC_NO_COMMON_BLOCKS = YES;
				GCC_WARN_64_TO_32_BIT_CONVERSION = YES;
				GCC_WARN_ABOUT_RETURN_TYPE = YES_ERROR;
				GCC_WARN_UNDECLARED_SELECTOR = YES;
				GCC_WARN_UNINITIALIZED_AUTOS = YES_AGGRESSIVE;
				GCC_WARN_UNUSED_FUNCTION = YES;
				GCC_WARN_UNUSED_VARIABLE = YES;
				IPHONEOS_DEPLOYMENT_TARGET = 11.2;
				MTL_ENABLE_DEBUG_INFO = NO;
				SDKROOT = iphoneos;
				SWIFT_OPTIMIZATION_LEVEL = "-Owholemodule";
				VALIDATE_PRODUCT = YES;
			};
			name = Release;
		};
		8B8FD0E720B81B31004AAE6B /* Debug */ = {
			isa = XCBuildConfiguration;
			buildSettings = {
				ASSETCATALOG_COMPILER_APPICON_NAME = AppIcon;
				CODE_SIGN_STYLE = Automatic;
				INFOPLIST_FILE = GesturesDemo/Info.plist;
				LD_RUNPATH_SEARCH_PATHS = "$(inherited) @executable_path/Frameworks";
				PRODUCT_BUNDLE_IDENTIFIER = com.codekul.GesturesDemo;
				PRODUCT_NAME = "$(TARGET_NAME)";
				SWIFT_VERSION = 4.0;
				TARGETED_DEVICE_FAMILY = "1,2";
			};
			name = Debug;
		};
		8B8FD0E820B81B31004AAE6B /* Release */ = {
			isa = XCBuildConfiguration;
			buildSettings = {
				ASSETCATALOG_COMPILER_APPICON_NAME = AppIcon;
				CODE_SIGN_STYLE = Automatic;
				INFOPLIST_FILE = GesturesDemo/Info.plist;
				LD_RUNPATH_SEARCH_PATHS = "$(inherited) @executable_path/Frameworks";
				PRODUCT_BUNDLE_IDENTIFIER = com.codekul.GesturesDemo;
				PRODUCT_NAME = "$(TARGET_NAME)";
				SWIFT_VERSION = 4.0;
				TARGETED_DEVICE_FAMILY = "1,2";
			};
			name = Release;
		};
		8B8FD0EA20B81B31004AAE6B /* Debug */ = {
			isa = XCBuildConfiguration;
			buildSettings = {
				ALWAYS_EMBED_SWIFT_STANDARD_LIBRARIES = YES;
				BUNDLE_LOADER = "$(TEST_HOST)";
				CODE_SIGN_STYLE = Automatic;
				INFOPLIST_FILE = GesturesDemoTests/Info.plist;
				LD_RUNPATH_SEARCH_PATHS = "$(inherited) @executable_path/Frameworks @loader_path/Frameworks";
				PRODUCT_BUNDLE_IDENTIFIER = com.codekul.GesturesDemoTests;
				PRODUCT_NAME = "$(TARGET_NAME)";
				SWIFT_VERSION = 4.0;
				TARGETED_DEVICE_FAMILY = "1,2";
				TEST_HOST = "$(BUILT_PRODUCTS_DIR)/GesturesDemo.app/GesturesDemo";
			};
			name = Debug;
		};
		8B8FD0EB20B81B31004AAE6B /* Release */ = {
			isa = XCBuildConfiguration;
			buildSettings = {
				ALWAYS_EMBED_SWIFT_STANDARD_LIBRARIES = YES;
				BUNDLE_LOADER = "$(TEST_HOST)";
				CODE_SIGN_STYLE = Automatic;
				INFOPLIST_FILE = GesturesDemoTests/Info.plist;
				LD_RUNPATH_SEARCH_PATHS = "$(inherited) @executable_path/Frameworks @loader_path/Frameworks";
				PRODUCT_BUNDLE_IDENTIFIER = com.codekul.GesturesDemoTests;
				PRODUCT_NAME = "$(TARGET_NAME)";
				SWIFT_VERSION = 4.0;
				TARGETED_DEVICE_FAMILY = "1,2";
				TEST_HOST = "$(BUILT_PRODUCTS_DIR)/GesturesDemo.app/GesturesDemo";
			};
			name = Release;
		};
		8B8FD0ED20B81B31004AAE6B /* Debug */ = {
			isa = XCBuildConfiguration;
			buildSettings = {
				ALWAYS_EMBED_SWIFT_STANDARD_LIBRARIES = YES;
				CODE_SIGN_STYLE = Automatic;
				INFOPLIST_FILE = GesturesDemoUITests/Info.plist;
				LD_RUNPATH_SEARCH_PATHS = "$(inherited) @executable_path/Frameworks @loader_path/Frameworks";
				PRODUCT_BUNDLE_IDENTIFIER = com.codekul.GesturesDemoUITests;
				PRODUCT_NAME = "$(TARGET_NAME)";
				SWIFT_VERSION = 4.0;
				TARGETED_DEVICE_FAMILY = "1,2";
				TEST_TARGET_NAME = GesturesDemo;
			};
			name = Debug;
		};
		8B8FD0EE20B81B31004AAE6B /* Release */ = {
			isa = XCBuildConfiguration;
			buildSettings = {
				ALWAYS_EMBED_SWIFT_STANDARD_LIBRARIES = YES;
				CODE_SIGN_STYLE = Automatic;
				INFOPLIST_FILE = GesturesDemoUITests/Info.plist;
				LD_RUNPATH_SEARCH_PATHS = "$(inherited) @executable_path/Frameworks @loader_path/Frameworks";
				PRODUCT_BUNDLE_IDENTIFIER = com.codekul.GesturesDemoUITests;
				PRODUCT_NAME = "$(TARGET_NAME)";
				SWIFT_VERSION = 4.0;
				TARGETED_DEVICE_FAMILY = "1,2";
				TEST_TARGET_NAME = GesturesDemo;
			};
			name = Release;
		};
/* End XCBuildConfiguration section */

/* Begin XCConfigurationList section */
		8B8FD0B920B81B31004AAE6B /* Build configuration list for PBXProject "GesturesDemo" */ = {
			isa = XCConfigurationList;
			buildConfigurations = (
				8B8FD0E420B81B31004AAE6B /* Debug */,
				8B8FD0E520B81B31004AAE6B /* Release */,
			);
			defaultConfigurationIsVisible = 0;
			defaultConfigurationName = Release;
		};
		8B8FD0E620B81B31004AAE6B /* Build configuration list for PBXNativeTarget "GesturesDemo" */ = {
			isa = XCConfigurationList;
			buildConfigurations = (
				8B8FD0E720B81B31004AAE6B /* Debug */,
				8B8FD0E820B81B31004AAE6B /* Release */,
			);
			defaultConfigurationIsVisible = 0;
			defaultConfigurationName = Release;
		};
		8B8FD0E920B81B31004AAE6B /* Build configuration list for PBXNativeTarget "GesturesDemoTests" */ = {
			isa = XCConfigurationList;
			buildConfigurations = (
				8B8FD0EA20B81B31004AAE6B /* Debug */,
				8B8FD0EB20B81B31004AAE6B /* Release */,
			);
			defaultConfigurationIsVisible = 0;
			defaultConfigurationName = Release;
		};
		8B8FD0EC20B81B31004AAE6B /* Build configuration list for PBXNativeTarget "GesturesDemoUITests" */ = {
			isa = XCConfigurationList;
			buildConfigurations = (
				8B8FD0ED20B81B31004AAE6B /* Debug */,
				8B8FD0EE20B81B31004AAE6B /* Release */,
			);
			defaultConfigurationIsVisible = 0;
			defaultConfigurationName = Release;
		};
/* End XCConfigurationList section */
	};
	rootObject = 8B8FD0B620B81B31004AAE6B /* Project object */;
}
