// !$*UTF8*$!
{
	archiveVersion = 1;
	classes = {
	};
	objectVersion = 48;
	objects = {

/* Begin PBXBuildFile section */
		8B40C13320BEC92D00D49991 /* AppDelegate.swift in Sources */ = {isa = PBXBuildFile; fileRef = 8B40C13220BEC92D00D49991 /* AppDelegate.swift */; };
		8B40C13A20BEC92D00D49991 /* Assets.xcassets in Resources */ = {isa = PBXBuildFile; fileRef = 8B40C13920BEC92D00D49991 /* Assets.xcassets */; };
		8B40C13D20BEC92D00D49991 /* LaunchScreen.storyboard in Resources */ = {isa = PBXBuildFile; fileRef = 8B40C13B20BEC92D00D49991 /* LaunchScreen.storyboard */; };
		8B40C14620BEC9F800D49991 /* FirstViewController.swift in Sources */ = {isa = PBXBuildFile; fileRef = 8B40C14420BEC9F800D49991 /* FirstViewController.swift */; };
		8B40C14720BEC9F800D49991 /* FirstViewController.xib in Resources */ = {isa = PBXBuildFile; fileRef = 8B40C14520BEC9F800D49991 /* FirstViewController.xib */; };
		8B40C14A20BECE6800D49991 /* SecondViewController.swift in Sources */ = {isa = PBXBuildFile; fileRef = 8B40C14820BECE6800D49991 /* SecondViewController.swift */; };
		8B40C14B20BECE6800D49991 /* SecondViewController.xib in Resources */ = {isa = PBXBuildFile; fileRef = 8B40C14920BECE6800D49991 /* SecondViewController.xib */; };
/* End PBXBuildFile section */

/* Begin PBXFileReference section */
		8B40C12F20BEC92D00D49991 /* XIBDemo.app */ = {isa = PBXFileReference; explicitFileType = wrapper.application; includeInIndex = 0; path = XIBDemo.app; sourceTree = BUILT_PRODUCTS_DIR; };
		8B40C13220BEC92D00D49991 /* AppDelegate.swift */ = {isa = PBXFileReference; lastKnownFileType = sourcecode.swift; path = AppDelegate.swift; sourceTree = "<group>"; };
		8B40C13920BEC92D00D49991 /* Assets.xcassets */ = {isa = PBXFileReference; lastKnownFileType = folder.assetcatalog; path = Assets.xcassets; sourceTree = "<group>"; };
		8B40C13C20BEC92D00D49991 /* Base */ = {isa = PBXFileReference; lastKnownFileType = file.storyboard; name = Base; path = Base.lproj/LaunchScreen.storyboard; sourceTree = "<group>"; };
		8B40C13E20BEC92D00D49991 /* Info.plist */ = {isa = PBXFileReference; lastKnownFileType = text.plist.xml; path = Info.plist; sourceTree = "<group>"; };
		8B40C14420BEC9F800D49991 /* FirstViewController.swift */ = {isa = PBXFileReference; lastKnownFileType = sourcecode.swift; path = FirstViewController.swift; sourceTree = "<group>"; };
		8B40C14520BEC9F800D49991 /* FirstViewController.xib */ = {isa = PBXFileReference; lastKnownFileType = file.xib; path = FirstViewController.xib; sourceTree = "<group>"; };
		8B40C14820BECE6800D49991 /* SecondViewController.swift */ = {isa = PBXFileReference; lastKnownFileType = sourcecode.swift; path = SecondViewController.swift; sourceTree = "<group>"; };
		8B40C14920BECE6800D49991 /* SecondViewController.xib */ = {isa = PBXFileReference; lastKnownFileType = file.xib; path = SecondViewController.xib; sourceTree = "<group>"; };
/* End PBXFileReference section */

/* Begin PBXFrameworksBuildPhase section */
		8B40C12C20BEC92D00D49991 /* Frameworks */ = {
			isa = PBXFrameworksBuildPhase;
			buildActionMask = 2147483647;
			files = (
			);
			runOnlyForDeploymentPostprocessing = 0;
		};
/* End PBXFrameworksBuildPhase section */

/* Begin PBXGroup section */
		8B40C12620BEC92D00D49991 = {
			isa = PBXGroup;
			children = (
				8B40C13120BEC92D00D49991 /* XIBDemo */,
				8B40C13020BEC92D00D49991 /* Products */,
			);
			sourceTree = "<group>";
		};
		8B40C13020BEC92D00D49991 /* Products */ = {
			isa = PBXGroup;
			children = (
				8B40C12F20BEC92D00D49991 /* XIBDemo.app */,
			);
			name = Products;
			sourceTree = "<group>";
		};
		8B40C13120BEC92D00D49991 /* XIBDemo */ = {
			isa = PBXGroup;
			children = (
				8B40C13220BEC92D00D49991 /* AppDelegate.swift */,
				8B40C14420BEC9F800D49991 /* FirstViewController.swift */,
				8B40C14520BEC9F800D49991 /* FirstViewController.xib */,
				8B40C14820BECE6800D49991 /* SecondViewController.swift */,
				8B40C14920BECE6800D49991 /* SecondViewController.xib */,
				8B40C13920BEC92D00D49991 /* Assets.xcassets */,
				8B40C13B20BEC92D00D49991 /* LaunchScreen.storyboard */,
				8B40C13E20BEC92D00D49991 /* Info.plist */,
			);
			path = XIBDemo;
			sourceTree = "<group>";
		};
/* End PBXGroup section */

/* Begin PBXNativeTarget section */
		8B40C12E20BEC92D00D49991 /* XIBDemo */ = {
			isa = PBXNativeTarget;
			buildConfigurationList = 8B40C14120BEC92D00D49991 /* Build configuration list for PBXNativeTarget "XIBDemo" */;
			buildPhases = (
				8B40C12B20BEC92D00D49991 /* Sources */,
				8B40C12C20BEC92D00D49991 /* Frameworks */,
				8B40C12D20BEC92D00D49991 /* Resources */,
			);
			buildRules = (
			);
			dependencies = (
			);
			name = XIBDemo;
			productName = XIBDemo;
			productReference = 8B40C12F20BEC92D00D49991 /* XIBDemo.app */;
			productType = "com.apple.product-type.application";
		};
/* End PBXNativeTarget section */

/* Begin PBXProject section */
		8B40C12720BEC92D00D49991 /* Project object */ = {
			isa = PBXProject;
			attributes = {
				LastSwiftUpdateCheck = 0920;
				LastUpgradeCheck = 0920;
				ORGANIZATIONNAME = Codekul;
				TargetAttributes = {
					8B40C12E20BEC92D00D49991 = {
						CreatedOnToolsVersion = 9.2;
						ProvisioningStyle = Automatic;
					};
				};
			};
			buildConfigurationList = 8B40C12A20BEC92D00D49991 /* Build configuration list for PBXProject "XIBDemo" */;
			compatibilityVersion = "Xcode 8.0";
			developmentRegion = en;
			hasScannedForEncodings = 0;
			knownRegions = (
				en,
				Base,
			);
			mainGroup = 8B40C12620BEC92D00D49991;
			productRefGroup = 8B40C13020BEC92D00D49991 /* Products */;
			projectDirPath = "";
			projectRoot = "";
			targets = (
				8B40C12E20BEC92D00D49991 /* XIBDemo */,
			);
		};
/* End PBXProject section */

/* Begin PBXResourcesBuildPhase section */
		8B40C12D20BEC92D00D49991 /* Resources */ = {
			isa = PBXResourcesBuildPhase;
			buildActionMask = 2147483647;
			files = (
				8B40C14B20BECE6800D49991 /* SecondViewController.xib in Resources */,
				8B40C13D20BEC92D00D49991 /* LaunchScreen.storyboard in Resources */,
				8B40C14720BEC9F800D49991 /* FirstViewController.xib in Resources */,
				8B40C13A20BEC92D00D49991 /* Assets.xcassets in Resources */,
			);
			runOnlyForDeploymentPostprocessing = 0;
		};
/* End PBXResourcesBuildPhase section */

/* Begin PBXSourcesBuildPhase section */
		8B40C12B20BEC92D00D49991 /* Sources */ = {
			isa = PBXSourcesBuildPhase;
			buildActionMask = 2147483647;
			files = (
				8B40C14A20BECE6800D49991 /* SecondViewController.swift in Sources */,
				8B40C13320BEC92D00D49991 /* AppDelegate.swift in Sources */,
				8B40C14620BEC9F800D49991 /* FirstViewController.swift in Sources */,
			);
			runOnlyForDeploymentPostprocessing = 0;
		};
/* End PBXSourcesBuildPhase section */

/* Begin PBXVariantGroup section */
		8B40C13B20BEC92D00D49991 /* LaunchScreen.storyboard */ = {
			isa = PBXVariantGroup;
			children = (
				8B40C13C20BEC92D00D49991 /* Base */,
			);
			name = LaunchScreen.storyboard;
			sourceTree = "<group>";
		};
/* End PBXVariantGroup section */

/* Begin XCBuildConfiguration section */
		8B40C13F20BEC92D00D49991 /* Debug */ = {
			isa = XCBuildConfiguration;
			buildSettings = {
				ALWAYS_SEARCH_USER_PATHS = NO;
				CLANG_ANALYZER_NONNULL = YES;
				CLANG_ANALYZER_NUMBER_OBJECT_CONVERSION = YES_AGGRESSIVE;
				CLANG_CXX_LANGUAGE_STANDARD = "gnu++14";
				CLANG_CXX_LIBRARY = "libc++";
				CLANG_ENABLE_MODULES = YES;
				CLANG_ENABLE_OBJC_ARC = YES;
				CLANG_WARN_BLOCK_CAPTURE_AUTORELEASING = YES;
				CLANG_WARN_BOOL_CONVERSION = YES;
				CLANG_WARN_COMMA = YES;
				CLANG_WARN_CONSTANT_CONVERSION = YES;
				CLANG_WARN_DIRECT_OBJC_ISA_USAGE = YES_ERROR;
				CLANG_WARN_DOCUMENTATION_COMMENTS = YES;
				CLANG_WARN_EMPTY_BODY = YES;
				CLANG_WARN_ENUM_CONVERSION = YES;
				CLANG_WARN_INFINITE_RECURSION = YES;
				CLANG_WARN_INT_CONVERSION = YES;
				CLANG_WARN_NON_LITERAL_NULL_CONVERSION = YES;
				CLANG_WARN_OBJC_LITERAL_CONVERSION = YES;
				CLANG_WARN_OBJC_ROOT_CLASS = YES_ERROR;
				CLANG_WARN_RANGE_LOOP_ANALYSIS = YES;
				CLANG_WARN_STRICT_PROTOTYPES = YES;
				CLANG_WARN_SUSPICIOUS_MOVE = YES;
				CLANG_WARN_UNGUARDED_AVAILABILITY = YES_AGGRESSIVE;
				CLANG_WARN_UNREACHABLE_CODE = YES;
				CLANG_WARN__DUPLICATE_METHOD_MATCH = YES;
				CODE_SIGN_IDENTITY = "iPhone Developer";
				COPY_PHASE_STRIP = NO;
				DEBUG_INFORMATION_FORMAT = dwarf;
				ENABLE_STRICT_OBJC_MSGSEND = YES;
				ENABLE_TESTABILITY = YES;
				GCC_C_LANGUAGE_STANDARD = gnu11;
				GCC_DYNAMIC_NO_PIC = NO;
				GCC_NO_COMMON_BLOCKS = YES;
				GCC_OPTIMIZATION_LEVEL = 0;
				GCC_PREPROCESSOR_DEFINITIONS = (
					"DEBUG=1",
					"$(inherited)",
				);
				GCC_WARN_64_TO_32_BIT_CONVERSION = YES;
				GCC_WARN_ABOUT_RETURN_TYPE = YES_ERROR;
				GCC_WARN_UNDECLARED_SELECTOR = YES;
				GCC_WARN_UNINITIALIZED_AUTOS = YES_AGGRESSIVE;
				GCC_WARN_UNUSED_FUNCTION = YES;
				GCC_WARN_UNUSED_VARIABLE = YES;
				IPHONEOS_DEPLOYMENT_TARGET = 11.2;
				MTL_ENABLE_DEBUG_INFO = YES;
				ONLY_ACTIVE_ARCH = YES;
				SDKROOT = iphoneos;
				SWIFT_ACTIVE_COMPILATION_CONDITIONS = DEBUG;
				SWIFT_OPTIMIZATION_LEVEL = "-Onone";
			};
			name = Debug;
		};
		8B40C14020BEC92D00D49991 /* Release */ = {
			isa = XCBuildConfiguration;
			buildSettings = {
				ALWAYS_SEARCH_USER_PATHS = NO;
				CLANG_ANALYZER_NONNULL = YES;
				CLANG_ANALYZER_NUMBER_OBJECT_CONVERSION = YES_AGGRESSIVE;
				CLANG_CXX_LANGUAGE_STANDARD = "gnu++14";
				CLANG_CXX_LIBRARY = "libc++";
				CLANG_ENABLE_MODULES = YES;
				CLANG_ENABLE_OBJC_ARC = YES;
				CLANG_WARN_BLOCK_CAPTURE_AUTORELEASING = YES;
				CLANG_WARN_BOOL_CONVERSION = YES;
				CLANG_WARN_COMMA = YES;
				CLANG_WARN_CONSTANT_CONVERSION = YES;
				CLANG_WARN_DIRECT_OBJC_ISA_USAGE = YES_ERROR;
				CLANG_WARN_DOCUMENTATION_COMMENTS = YES;
				CLANG_WARN_EMPTY_BODY = YES;
				CLANG_WARN_ENUM_CONVERSION = YES;
				CLANG_WARN_INFINITE_RECURSION = YES;
				CLANG_WARN_INT_CONVERSION = YES;
				CLANG_WARN_NON_LITERAL_NULL_CONVERSION = YES;
				CLANG_WARN_OBJC_LITERAL_CONVERSION = YES;
				CLANG_WARN_OBJC_ROOT_CLASS = YES_ERROR;
				CLANG_WARN_RANGE_LOOP_ANALYSIS = YES;
				CLANG_WARN_STRICT_PROTOTYPES = YES;
				CLANG_WARN_SUSPICIOUS_MOVE = YES;
				CLANG_WARN_UNGUARDED_AVAILABILITY = YES_AGGRESSIVE;
				CLANG_WARN_UNREACHABLE_CODE = YES;
				CLANG_WARN__DUPLICATE_METHOD_MATCH = YES;
				CODE_SIGN_IDENTITY = "iPhone Developer";
				COPY_PHASE_STRIP = NO;
				DEBUG_INFORMATION_FORMAT = "dwarf-with-dsym";
				ENABLE_NS_ASSERTIONS = NO;
				ENABLE_STRICT_OBJC_MSGSEND = YES;
				GCC_C_LANGUAGE_STANDARD = gnu11;
				GCC_NO_COMMON_BLOCKS = YES;
				GCC_WARN_64_TO_32_BIT_CONVERSION = YES;
				GCC_WARN_ABOUT_RETURN_TYPE = YES_ERROR;
				GCC_WARN_UNDECLARED_SELECTOR = YES;
				GCC_WARN_UNINITIALIZED_AUTOS = YES_AGGRESSIVE;
				GCC_WARN_UNUSED_FUNCTION = YES;
				GCC_WARN_UNUSED_VARIABLE = YES;
				IPHONEOS_DEPLOYMENT_TARGET = 11.2;
				MTL_ENABLE_DEBUG_INFO = NO;
				SDKROOT = iphoneos;
				SWIFT_OPTIMIZATION_LEVEL = "-Owholemodule";
				VALIDATE_PRODUCT = YES;
			};
			name = Release;
		};
		8B40C14220BEC92D00D49991 /* Debug */ = {
			isa = XCBuildConfiguration;
			buildSettings = {
				ASSETCATALOG_COMPILER_APPICON_NAME = AppIcon;
				CODE_SIGN_STYLE = Automatic;
				INFOPLIST_FILE = XIBDemo/Info.plist;
				LD_RUNPATH_SEARCH_PATHS = "$(inherited) @executable_path/Frameworks";
				PRODUCT_BUNDLE_IDENTIFIER = com.codekul.XIBDemo;
				PRODUCT_NAME = "$(TARGET_NAME)";
				SWIFT_VERSION = 4.0;
				TARGETED_DEVICE_FAMILY = "1,2";
			};
			name = Debug;
		};
		8B40C14320BEC92D00D49991 /* Release */ = {
			isa = XCBuildConfiguration;
			buildSettings = {
				ASSETCATALOG_COMPILER_APPICON_NAME = AppIcon;
				CODE_SIGN_STYLE = Automatic;
				INFOPLIST_FILE = XIBDemo/Info.plist;
				LD_RUNPATH_SEARCH_PATHS = "$(inherited) @executable_path/Frameworks";
				PRODUCT_BUNDLE_IDENTIFIER = com.codekul.XIBDemo;
				PRODUCT_NAME = "$(TARGET_NAME)";
				SWIFT_VERSION = 4.0;
				TARGETED_DEVICE_FAMILY = "1,2";
			};
			name = Release;
		};
/* End XCBuildConfiguration section */

/* Begin XCConfigurationList section */
		8B40C12A20BEC92D00D49991 /* Build configuration list for PBXProject "XIBDemo" */ = {
			isa = XCConfigurationList;
			buildConfigurations = (
				8B40C13F20BEC92D00D49991 /* Debug */,
				8B40C14020BEC92D00D49991 /* Release */,
			);
			defaultConfigurationIsVisible = 0;
			defaultConfigurationName = Release;
		};
		8B40C14120BEC92D00D49991 /* Build configuration list for PBXNativeTarget "XIBDemo" */ = {
			isa = XCConfigurationList;
			buildConfigurations = (
				8B40C14220BEC92D00D49991 /* Debug */,
				8B40C14320BEC92D00D49991 /* Release */,
			);
			defaultConfigurationIsVisible = 0;
			defaultConfigurationName = Release;
		};
/* End XCConfigurationList section */
	};
	rootObject = 8B40C12720BEC92D00D49991 /* Project object */;
}
